// !$*UTF8*$!
{
	archiveVersion = 1;
	classes = {
	};
	objectVersion = 46;
	objects = {

/* Begin PBXBuildFile section */
		8165DB5F1C56D9B800C7D8BA /* main.m in Sources */ = {isa = PBXBuildFile; fileRef = 8165DB5E1C56D9B800C7D8BA /* main.m */; };
		8165DB621C56D9B800C7D8BA /* AppDelegate.m in Sources */ = {isa = PBXBuildFile; fileRef = 8165DB611C56D9B800C7D8BA /* AppDelegate.m */; };
		8165DB681C56D9B800C7D8BA /* Main.storyboard in Resources */ = {isa = PBXBuildFile; fileRef = 8165DB661C56D9B800C7D8BA /* Main.storyboard */; };
		8165DB6A1C56D9B800C7D8BA /* Assets.xcassets in Resources */ = {isa = PBXBuildFile; fileRef = 8165DB691C56D9B800C7D8BA /* Assets.xcassets */; };
		8165DB6D1C56D9B800C7D8BA /* LaunchScreen.storyboard in Resources */ = {isa = PBXBuildFile; fileRef = 8165DB6B1C56D9B800C7D8BA /* LaunchScreen.storyboard */; };
		8165DB761C56DB3800C7D8BA /* RootViewController.m in Sources */ = {isa = PBXBuildFile; fileRef = 8165DB751C56DB3800C7D8BA /* RootViewController.m */; };
		8165DB791C56E4D700C7D8BA /* DisplayCard.m in Sources */ = {isa = PBXBuildFile; fileRef = 8165DB781C56E4D700C7D8BA /* DisplayCard.m */; };
/* End PBXBuildFile section */

/* Begin PBXFileReference section */
		8165DB5A1C56D9B800C7D8BA /* MemoryGame.app */ = {isa = PBXFileReference; explicitFileType = wrapper.application; includeInIndex = 0; path = MemoryGame.app; sourceTree = BUILT_PRODUCTS_DIR; };
		8165DB5E1C56D9B800C7D8BA /* main.m */ = {isa = PBXFileReference; lastKnownFileType = sourcecode.c.objc; path = main.m; sourceTree = "<group>"; };
		8165DB601C56D9B800C7D8BA /* AppDelegate.h */ = {isa = PBXFileReference; lastKnownFileType = sourcecode.c.h; path = AppDelegate.h; sourceTree = "<group>"; };
		8165DB611C56D9B800C7D8BA /* AppDelegate.m */ = {isa = PBXFileReference; lastKnownFileType = sourcecode.c.objc; path = AppDelegate.m; sourceTree = "<group>"; };
		8165DB671C56D9B800C7D8BA /* Base */ = {isa = PBXFileReference; lastKnownFileType = file.storyboard; name = Base; path = Base.lproj/Main.storyboard; sourceTree = "<group>"; };
		8165DB691C56D9B800C7D8BA /* Assets.xcassets */ = {isa = PBXFileReference; lastKnownFileType = folder.assetcatalog; path = Assets.xcassets; sourceTree = "<group>"; };
		8165DB6C1C56D9B800C7D8BA /* Base */ = {isa = PBXFileReference; lastKnownFileType = file.storyboard; name = Base; path = Base.lproj/LaunchScreen.storyboard; sourceTree = "<group>"; };
		8165DB6E1C56D9B800C7D8BA /* Info.plist */ = {isa = PBXFileReference; lastKnownFileType = text.plist.xml; path = Info.plist; sourceTree = "<group>"; };
		8165DB741C56DB3800C7D8BA /* RootViewController.h */ = {isa = PBXFileReference; fileEncoding = 4; lastKnownFileType = sourcecode.c.h; name = RootViewController.h; path = ../RootViewController.h; sourceTree = "<group>"; };
		8165DB751C56DB3800C7D8BA /* RootViewController.m */ = {isa = PBXFileReference; fileEncoding = 4; lastKnownFileType = sourcecode.c.objc; name = RootViewController.m; path = ../RootViewController.m; sourceTree = "<group>"; };
		8165DB771C56E4D700C7D8BA /* DisplayCard.h */ = {isa = PBXFileReference; fileEncoding = 4; lastKnownFileType = sourcecode.c.h; name = DisplayCard.h; path = ../DisplayCard.h; sourceTree = "<group>"; };
		8165DB781C56E4D700C7D8BA /* DisplayCard.m */ = {isa = PBXFileReference; fileEncoding = 4; lastKnownFileType = sourcecode.c.objc; name = DisplayCard.m; path = ../DisplayCard.m; sourceTree = "<group>"; };
/* End PBXFileReference section */

/* Begin PBXFrameworksBuildPhase section */
		8165DB571C56D9B800C7D8BA /* Frameworks */ = {
			isa = PBXFrameworksBuildPhase;
			buildActionMask = 2147483647;
			files = (
			);
			runOnlyForDeploymentPostprocessing = 0;
		};
/* End PBXFrameworksBuildPhase section */

/* Begin PBXGroup section */
		8165DB511C56D9B800C7D8BA = {
			isa = PBXGroup;
			children = (
				8165DB5C1C56D9B800C7D8BA /* MemoryGame */,
				8165DB5B1C56D9B800C7D8BA /* Products */,
			);
			sourceTree = "<group>";
		};
		8165DB5B1C56D9B800C7D8BA /* Products */ = {
			isa = PBXGroup;
			children = (
				8165DB5A1C56D9B800C7D8BA /* MemoryGame.app */,
			);
			name = Products;
			sourceTree = "<group>";
		};
		8165DB5C1C56D9B800C7D8BA /* MemoryGame */ = {
			isa = PBXGroup;
			children = (
				8165DB661C56D9B800C7D8BA /* Main.storyboard */,
				8165DB741C56DB3800C7D8BA /* RootViewController.h */,
				8165DB751C56DB3800C7D8BA /* RootViewController.m */,
				8165DB771C56E4D700C7D8BA /* DisplayCard.h */,
				8165DB781C56E4D700C7D8BA /* DisplayCard.m */,
				8165DB691C56D9B800C7D8BA /* Assets.xcassets */,
				8165DB6B1C56D9B800C7D8BA /* LaunchScreen.storyboard */,
				8165DB6E1C56D9B800C7D8BA /* Info.plist */,
				8165DB5D1C56D9B800C7D8BA /* Supporting Files */,
			);
			path = MemoryGame;
			sourceTree = "<group>";
		};
		8165DB5D1C56D9B800C7D8BA /* Supporting Files */ = {
			isa = PBXGroup;
			children = (
				8165DB601C56D9B800C7D8BA /* AppDelegate.h */,
				8165DB611C56D9B800C7D8BA /* AppDelegate.m */,
				8165DB5E1C56D9B800C7D8BA /* main.m */,
			);
			name = "Supporting Files";
			sourceTree = "<group>";
		};
/* End PBXGroup section */

/* Begin PBXNativeTarget section */
		8165DB591C56D9B800C7D8BA /* MemoryGame */ = {
			isa = PBXNativeTarget;
			buildConfigurationList = 8165DB711C56D9B800C7D8BA /* Build configuration list for PBXNativeTarget "MemoryGame" */;
			buildPhases = (
				8165DB561C56D9B800C7D8BA /* Sources */,
				8165DB571C56D9B800C7D8BA /* Frameworks */,
				8165DB581C56D9B800C7D8BA /* Resources */,
			);
			buildRules = (
			);
			dependencies = (
			);
			name = MemoryGame;
			productName = MemoryGame;
			productReference = 8165DB5A1C56D9B800C7D8BA /* MemoryGame.app */;
			productType = "com.apple.product-type.application";
		};
/* End PBXNativeTarget section */

/* Begin PBXProject section */
		8165DB521C56D9B800C7D8BA /* Project object */ = {
			isa = PBXProject;
			attributes = {
				LastUpgradeCheck = 0720;
				ORGANIZATIONNAME = NoNonsense;
				TargetAttributes = {
					8165DB591C56D9B800C7D8BA = {
						CreatedOnToolsVersion = 7.2;
						DevelopmentTeam = Y4S292F292;
					};
				};
			};
			buildConfigurationList = 8165DB551C56D9B800C7D8BA /* Build configuration list for PBXProject "MemoryGame" */;
			compatibilityVersion = "Xcode 3.2";
			developmentRegion = English;
			hasScannedForEncodings = 0;
			knownRegions = (
				en,
				Base,
			);
			mainGroup = 8165DB511C56D9B800C7D8BA;
			productRefGroup = 8165DB5B1C56D9B800C7D8BA /* Products */;
			projectDirPath = "";
			projectRoot = "";
			targets = (
				8165DB591C56D9B800C7D8BA /* MemoryGame */,
			);
		};
/* End PBXProject section */

/* Begin PBXResourcesBuildPhase section */
		8165DB581C56D9B800C7D8BA /* Resources */ = {
			isa = PBXResourcesBuildPhase;
			buildActionMask = 2147483647;
			files = (
				8165DB6D1C56D9B800C7D8BA /* LaunchScreen.storyboard in Resources */,
				8165DB6A1C56D9B800C7D8BA /* Assets.xcassets in Resources */,
				8165DB681C56D9B800C7D8BA /* Main.storyboard in Resources */,
			);
			runOnlyForDeploymentPostprocessing = 0;
		};
/* End PBXResourcesBuildPhase section */

/* Begin PBXSourcesBuildPhase section */
		8165DB561C56D9B800C7D8BA /* Sources */ = {
			isa = PBXSourcesBuildPhase;
			buildActionMask = 2147483647;
			files = (
				8165DB791C56E4D700C7D8BA /* DisplayCard.m in Sources */,
				8165DB621C56D9B800C7D8BA /* AppDelegate.m in Sources */,
				8165DB5F1C56D9B800C7D8BA /* main.m in Sources */,
				8165DB761C56DB3800C7D8BA /* RootViewController.m in Sources */,
			);
			runOnlyForDeploymentPostprocessing = 0;
		};
/* End PBXSourcesBuildPhase section */

/* Begin PBXVariantGroup section */
		8165DB661C56D9B800C7D8BA /* Main.storyboard */ = {
			isa = PBXVariantGroup;
			children = (
				8165DB671C56D9B800C7D8BA /* Base */,
			);
			name = Main.storyboard;
			sourceTree = "<group>";
		};
		8165DB6B1C56D9B800C7D8BA /* LaunchScreen.storyboard */ = {
			isa = PBXVariantGroup;
			children = (
				8165DB6C1C56D9B800C7D8BA /* Base */,
			);
			name = LaunchScreen.storyboard;
			sourceTree = "<group>";
		};
/* End PBXVariantGroup section */

/* Begin XCBuildConfiguration section */
		8165DB6F1C56D9B800C7D8BA /* Debug */ = {
			isa = XCBuildConfiguration;
			buildSettings = {
				ALWAYS_SEARCH_USER_PATHS = NO;
				CLANG_CXX_LANGUAGE_STANDARD = "gnu++0x";
				CLANG_CXX_LIBRARY = "libc++";
				CLANG_ENABLE_MODULES = YES;
				CLANG_ENABLE_OBJC_ARC = YES;
				CLANG_WARN_BOOL_CONVERSION = YES;
				CLANG_WARN_CONSTANT_CONVERSION = YES;
				CLANG_WARN_DIRECT_OBJC_ISA_USAGE = YES_ERROR;
				CLANG_WARN_EMPTY_BODY = YES;
				CLANG_WARN_ENUM_CONVERSION = YES;
				CLANG_WARN_INT_CONVERSION = YES;
				CLANG_WARN_OBJC_ROOT_CLASS = YES_ERROR;
				CLANG_WARN_UNREACHABLE_CODE = YES;
				CLANG_WARN__DUPLICATE_METHOD_MATCH = YES;
				"CODE_SIGN_IDENTITY[sdk=iphoneos*]" = "iPhone Developer";
				COPY_PHASE_STRIP = NO;
				DEBUG_INFORMATION_FORMAT = dwarf;
				ENABLE_STRICT_OBJC_MSGSEND = YES;
				ENABLE_TESTABILITY = YES;
				GCC_C_LANGUAGE_STANDARD = gnu99;
				GCC_DYNAMIC_NO_PIC = NO;
				GCC_NO_COMMON_BLOCKS = YES;
				GCC_OPTIMIZATION_LEVEL = 0;
				GCC_PREPROCESSOR_DEFINITIONS = (
					"DEBUG=1",
					"$(inherited)",
				);
				GCC_WARN_64_TO_32_BIT_CONVERSION = YES;
				GCC_WARN_ABOUT_RETURN_TYPE = YES_ERROR;
				GCC_WARN_UNDECLARED_SELECTOR = YES;
				GCC_WARN_UNINITIALIZED_AUTOS = YES_AGGRESSIVE;
				GCC_WARN_UNUSED_FUNCTION = YES;
				GCC_WARN_UNUSED_VARIABLE = YES;
				IPHONEOS_DEPLOYMENT_TARGET = 9.2;
				MTL_ENABLE_DEBUG_INFO = YES;
				ONLY_ACTIVE_ARCH = YES;
				SDKROOT = iphoneos;
			};
			name = Debug;
		};
		8165DB701C56D9B800C7D8BA /* Release */ = {
			isa = XCBuildConfiguration;
			buildSettings = {
				ALWAYS_SEARCH_USER_PATHS = NO;
				CLANG_CXX_LANGUAGE_STANDARD = "gnu++0x";
				CLANG_CXX_LIBRARY = "libc++";
				CLANG_ENABLE_MODULES = YES;
				CLANG_ENABLE_OBJC_ARC = YES;
				CLANG_WARN_BOOL_CONVERSION = YES;
				CLANG_WARN_CONSTANT_CONVERSION = YES;
				CLANG_WARN_DIRECT_OBJC_ISA_USAGE = YES_ERROR;
				CLANG_WARN_EMPTY_BODY = YES;
				CLANG_WARN_ENUM_CONVERSION = YES;
				CLANG_WARN_INT_CONVERSION = YES;
				CLANG_WARN_OBJC_ROOT_CLASS = YES_ERROR;
				CLANG_WARN_UNREACHABLE_CODE = YES;
				CLANG_WARN__DUPLICATE_METHOD_MATCH = YES;
				"CODE_SIGN_IDENTITY[sdk=iphoneos*]" = "iPhone Developer";
				COPY_PHASE_STRIP = NO;
				DEBUG_INFORMATION_FORMAT = "dwarf-with-dsym";
				ENABLE_NS_ASSERTIONS = NO;
				ENABLE_STRICT_OBJC_MSGSEND = YES;
				GCC_C_LANGUAGE_STANDARD = gnu99;
				GCC_NO_COMMON_BLOCKS = YES;
				GCC_WARN_64_TO_32_BIT_CONVERSION = YES;
				GCC_WARN_ABOUT_RETURN_TYPE = YES_ERROR;
				GCC_WARN_UNDECLARED_SELECTOR = YES;
				GCC_WARN_UNINITIALIZED_AUTOS = YES_AGGRESSIVE;
				GCC_WARN_UNUSED_FUNCTION = YES;
				GCC_WARN_UNUSED_VARIABLE = YES;
				IPHONEOS_DEPLOYMENT_TARGET = 9.2;
				MTL_ENABLE_DEBUG_INFO = NO;
				SDKROOT = iphoneos;
				VALIDATE_PRODUCT = YES;
			};
			name = Release;
		};
		8165DB721C56D9B800C7D8BA /* Debug */ = {
			isa = XCBuildConfiguration;
			buildSettings = {
				ASSETCATALOG_COMPILER_APPICON_NAME = AppIcon;
				INFOPLIST_FILE = MemoryGame/Info.plist;
				LD_RUNPATH_SEARCH_PATHS = "$(inherited) @executable_path/Frameworks";
				PRODUCT_BUNDLE_IDENTIFIER = io.nononsense.MemoryGame;
				PRODUCT_NAME = "$(TARGET_NAME)";
			};
			name = Debug;
		};
		8165DB731C56D9B800C7D8BA /* Release */ = {
			isa = XCBuildConfiguration;
			buildSettings = {
				ASSETCATALOG_COMPILER_APPICON_NAME = AppIcon;
				INFOPLIST_FILE = MemoryGame/Info.plist;
				LD_RUNPATH_SEARCH_PATHS = "$(inherited) @executable_path/Frameworks";
				PRODUCT_BUNDLE_IDENTIFIER = io.nononsense.MemoryGame;
				PRODUCT_NAME = "$(TARGET_NAME)";
			};
			name = Release;
		};
/* End XCBuildConfiguration section */

/* Begin XCConfigurationList section */
		8165DB551C56D9B800C7D8BA /* Build configuration list for PBXProject "MemoryGame" */ = {
			isa = XCConfigurationList;
			buildConfigurations = (
				8165DB6F1C56D9B800C7D8BA /* Debug */,
				8165DB701C56D9B800C7D8BA /* Release */,
			);
			defaultConfigurationIsVisible = 0;
			defaultConfigurationName = Release;
		};
		8165DB711C56D9B800C7D8BA /* Build configuration list for PBXNativeTarget "MemoryGame" */ = {
			isa = XCConfigurationList;
			buildConfigurations = (
				8165DB721C56D9B800C7D8BA /* Debug */,
				8165DB731C56D9B800C7D8BA /* Release */,
			);
			defaultConfigurationIsVisible = 0;
			defaultConfigurationName = Release;
		};
/* End XCConfigurationList section */
	};
	rootObject = 8165DB521C56D9B800C7D8BA /* Project object */;
}
